
Microsoft Visual Studio Solution File, Format Version 12.00
# Visual Studio 14
VisualStudioVersion = 14.0.25420.1
MinimumVisualStudioVersion = 10.0.40219.1
Project("{FAE04EC0-301F-11D3-BF4B-00C04F79EFBC}") = "PetClinic.WebService", "PetClinic.WebService\PetClinic.WebService.csproj", "{C87F8C0E-DB3B-415B-A85D-24ED1DF7A4CE}"
EndProject
Project("{FAE04EC0-301F-11D3-BF4B-00C04F79EFBC}") = "PetClinic.WebService.Tests", "PetClinic.WebService.Tests\PetClinic.WebService.Tests.csproj", "{4AB0B752-75A3-4C07-B49B-05322DDF2B54}"
EndProject
Project("{FAE04EC0-301F-11D3-BF4B-00C04F79EFBC}") = "PetClinic", "PetClinic\PetClinic\PetClinic.csproj", "{F175F6C5-0B8C-4C18-AA22-7FCC5AE0CF2B}"
EndProject
Project("{FAE04EC0-301F-11D3-BF4B-00C04F79EFBC}") = "PetClinic.Droid", "PetClinic\PetClinic.Droid\PetClinic.Droid.csproj", "{EB36C04A-55F1-4238-9ED0-6C1569B99C45}"
EndProject
Project("{FAE04EC0-301F-11D3-BF4B-00C04F79EFBC}") = "PetClinic.iOS", "PetClinic\PetClinic.iOS\PetClinic.iOS.csproj", "{5E175A6C-1C25-459B-B013-EB28061D8104}"
EndProject
Project("{FAE04EC0-301F-11D3-BF4B-00C04F79EFBC}") = "PetClinic.UWP", "PetClinic\PetClinic.UWP\PetClinic.UWP.csproj", "{E1B0A460-B938-4209-97A5-86C6D5B877A8}"
EndProject
Project("{FAE04EC0-301F-11D3-BF4B-00C04F79EFBC}") = "PetClinic.Utilities", "PetClinic.Utilities\PetClinic.Utilities.csproj", "{90CFBA09-F947-4ADD-B500-948E495D7976}"
EndProject
Global
	GlobalSection(SolutionConfigurationPlatforms) = preSolution
		Ad-Hoc|Any CPU = Ad-Hoc|Any CPU
		Ad-Hoc|ARM = Ad-Hoc|ARM
		Ad-Hoc|iPhone = Ad-Hoc|iPhone
		Ad-Hoc|iPhoneSimulator = Ad-Hoc|iPhoneSimulator
		Ad-Hoc|x64 = Ad-Hoc|x64
		Ad-Hoc|x86 = Ad-Hoc|x86
		AppStore|Any CPU = AppStore|Any CPU
		AppStore|ARM = AppStore|ARM
		AppStore|iPhone = AppStore|iPhone
		AppStore|iPhoneSimulator = AppStore|iPhoneSimulator
		AppStore|x64 = AppStore|x64
		AppStore|x86 = AppStore|x86
		Debug|Any CPU = Debug|Any CPU
		Debug|ARM = Debug|ARM
		Debug|iPhone = Debug|iPhone
		Debug|iPhoneSimulator = Debug|iPhoneSimulator
		Debug|x64 = Debug|x64
		Debug|x86 = Debug|x86
		Release|Any CPU = Release|Any CPU
		Release|ARM = Release|ARM
		Release|iPhone = Release|iPhone
		Release|iPhoneSimulator = Release|iPhoneSimulator
		Release|x64 = Release|x64
		Release|x86 = Release|x86
	EndGlobalSection
	GlobalSection(ProjectConfigurationPlatforms) = postSolution
		{C87F8C0E-DB3B-415B-A85D-24ED1DF7A4CE}.Ad-Hoc|Any CPU.ActiveCfg = Release|Any CPU
		{C87F8C0E-DB3B-415B-A85D-24ED1DF7A4CE}.Ad-Hoc|Any CPU.Build.0 = Release|Any CPU
		{C87F8C0E-DB3B-415B-A85D-24ED1DF7A4CE}.Ad-Hoc|ARM.ActiveCfg = Release|Any CPU
		{C87F8C0E-DB3B-415B-A85D-24ED1DF7A4CE}.Ad-Hoc|ARM.Build.0 = Release|Any CPU
		{C87F8C0E-DB3B-415B-A85D-24ED1DF7A4CE}.Ad-Hoc|iPhone.ActiveCfg = Release|Any CPU
		{C87F8C0E-DB3B-415B-A85D-24ED1DF7A4CE}.Ad-Hoc|iPhone.Build.0 = Release|Any CPU
		{C87F8C0E-DB3B-415B-A85D-24ED1DF7A4CE}.Ad-Hoc|iPhoneSimulator.ActiveCfg = Release|Any CPU
		{C87F8C0E-DB3B-415B-A85D-24ED1DF7A4CE}.Ad-Hoc|iPhoneSimulator.Build.0 = Release|Any CPU
		{C87F8C0E-DB3B-415B-A85D-24ED1DF7A4CE}.Ad-Hoc|x64.ActiveCfg = Release|Any CPU
		{C87F8C0E-DB3B-415B-A85D-24ED1DF7A4CE}.Ad-Hoc|x64.Build.0 = Release|Any CPU
		{C87F8C0E-DB3B-415B-A85D-24ED1DF7A4CE}.Ad-Hoc|x86.ActiveCfg = Release|Any CPU
		{C87F8C0E-DB3B-415B-A85D-24ED1DF7A4CE}.Ad-Hoc|x86.Build.0 = Release|Any CPU
		{C87F8C0E-DB3B-415B-A85D-24ED1DF7A4CE}.AppStore|Any CPU.ActiveCfg = Release|Any CPU
		{C87F8C0E-DB3B-415B-A85D-24ED1DF7A4CE}.AppStore|Any CPU.Build.0 = Release|Any CPU
		{C87F8C0E-DB3B-415B-A85D-24ED1DF7A4CE}.AppStore|ARM.ActiveCfg = Release|Any CPU
		{C87F8C0E-DB3B-415B-A85D-24ED1DF7A4CE}.AppStore|ARM.Build.0 = Release|Any CPU
		{C87F8C0E-DB3B-415B-A85D-24ED1DF7A4CE}.AppStore|iPhone.ActiveCfg = Release|Any CPU
		{C87F8C0E-DB3B-415B-A85D-24ED1DF7A4CE}.AppStore|iPhone.Build.0 = Release|Any CPU
		{C87F8C0E-DB3B-415B-A85D-24ED1DF7A4CE}.AppStore|iPhoneSimulator.ActiveCfg = Release|Any CPU
		{C87F8C0E-DB3B-415B-A85D-24ED1DF7A4CE}.AppStore|iPhoneSimulator.Build.0 = Release|Any CPU
		{C87F8C0E-DB3B-415B-A85D-24ED1DF7A4CE}.AppStore|x64.ActiveCfg = Release|Any CPU
		{C87F8C0E-DB3B-415B-A85D-24ED1DF7A4CE}.AppStore|x64.Build.0 = Release|Any CPU
		{C87F8C0E-DB3B-415B-A85D-24ED1DF7A4CE}.AppStore|x86.ActiveCfg = Release|Any CPU
		{C87F8C0E-DB3B-415B-A85D-24ED1DF7A4CE}.AppStore|x86.Build.0 = Release|Any CPU
		{C87F8C0E-DB3B-415B-A85D-24ED1DF7A4CE}.Debug|Any CPU.ActiveCfg = Debug|Any CPU
		{C87F8C0E-DB3B-415B-A85D-24ED1DF7A4CE}.Debug|Any CPU.Build.0 = Debug|Any CPU
		{C87F8C0E-DB3B-415B-A85D-24ED1DF7A4CE}.Debug|ARM.ActiveCfg = Debug|Any CPU
		{C87F8C0E-DB3B-415B-A85D-24ED1DF7A4CE}.Debug|ARM.Build.0 = Debug|Any CPU
		{C87F8C0E-DB3B-415B-A85D-24ED1DF7A4CE}.Debug|iPhone.ActiveCfg = Debug|Any CPU
		{C87F8C0E-DB3B-415B-A85D-24ED1DF7A4CE}.Debug|iPhone.Build.0 = Debug|Any CPU
		{C87F8C0E-DB3B-415B-A85D-24ED1DF7A4CE}.Debug|iPhoneSimulator.ActiveCfg = Debug|Any CPU
		{C87F8C0E-DB3B-415B-A85D-24ED1DF7A4CE}.Debug|iPhoneSimulator.Build.0 = Debug|Any CPU
		{C87F8C0E-DB3B-415B-A85D-24ED1DF7A4CE}.Debug|x64.ActiveCfg = Debug|Any CPU
		{C87F8C0E-DB3B-415B-A85D-24ED1DF7A4CE}.Debug|x64.Build.0 = Debug|Any CPU
		{C87F8C0E-DB3B-415B-A85D-24ED1DF7A4CE}.Debug|x86.ActiveCfg = Debug|Any CPU
		{C87F8C0E-DB3B-415B-A85D-24ED1DF7A4CE}.Debug|x86.Build.0 = Debug|Any CPU
		{C87F8C0E-DB3B-415B-A85D-24ED1DF7A4CE}.Release|Any CPU.ActiveCfg = Release|Any CPU
		{C87F8C0E-DB3B-415B-A85D-24ED1DF7A4CE}.Release|Any CPU.Build.0 = Release|Any CPU
		{C87F8C0E-DB3B-415B-A85D-24ED1DF7A4CE}.Release|ARM.ActiveCfg = Release|Any CPU
		{C87F8C0E-DB3B-415B-A85D-24ED1DF7A4CE}.Release|ARM.Build.0 = Release|Any CPU
		{C87F8C0E-DB3B-415B-A85D-24ED1DF7A4CE}.Release|iPhone.ActiveCfg = Release|Any CPU
		{C87F8C0E-DB3B-415B-A85D-24ED1DF7A4CE}.Release|iPhone.Build.0 = Release|Any CPU
		{C87F8C0E-DB3B-415B-A85D-24ED1DF7A4CE}.Release|iPhoneSimulator.ActiveCfg = Release|Any CPU
		{C87F8C0E-DB3B-415B-A85D-24ED1DF7A4CE}.Release|iPhoneSimulator.Build.0 = Release|Any CPU
		{C87F8C0E-DB3B-415B-A85D-24ED1DF7A4CE}.Release|x64.ActiveCfg = Release|Any CPU
		{C87F8C0E-DB3B-415B-A85D-24ED1DF7A4CE}.Release|x64.Build.0 = Release|Any CPU
		{C87F8C0E-DB3B-415B-A85D-24ED1DF7A4CE}.Release|x86.ActiveCfg = Release|Any CPU
		{C87F8C0E-DB3B-415B-A85D-24ED1DF7A4CE}.Release|x86.Build.0 = Release|Any CPU
		{4AB0B752-75A3-4C07-B49B-05322DDF2B54}.Ad-Hoc|Any CPU.ActiveCfg = Release|Any CPU
		{4AB0B752-75A3-4C07-B49B-05322DDF2B54}.Ad-Hoc|Any CPU.Build.0 = Release|Any CPU
		{4AB0B752-75A3-4C07-B49B-05322DDF2B54}.Ad-Hoc|ARM.ActiveCfg = Release|Any CPU
		{4AB0B752-75A3-4C07-B49B-05322DDF2B54}.Ad-Hoc|ARM.Build.0 = Release|Any CPU
		{4AB0B752-75A3-4C07-B49B-05322DDF2B54}.Ad-Hoc|iPhone.ActiveCfg = Release|Any CPU
		{4AB0B752-75A3-4C07-B49B-05322DDF2B54}.Ad-Hoc|iPhone.Build.0 = Release|Any CPU
		{4AB0B752-75A3-4C07-B49B-05322DDF2B54}.Ad-Hoc|iPhoneSimulator.ActiveCfg = Release|Any CPU
		{4AB0B752-75A3-4C07-B49B-05322DDF2B54}.Ad-Hoc|iPhoneSimulator.Build.0 = Release|Any CPU
		{4AB0B752-75A3-4C07-B49B-05322DDF2B54}.Ad-Hoc|x64.ActiveCfg = Release|Any CPU
		{4AB0B752-75A3-4C07-B49B-05322DDF2B54}.Ad-Hoc|x64.Build.0 = Release|Any CPU
		{4AB0B752-75A3-4C07-B49B-05322DDF2B54}.Ad-Hoc|x86.ActiveCfg = Release|Any CPU
		{4AB0B752-75A3-4C07-B49B-05322DDF2B54}.Ad-Hoc|x86.Build.0 = Release|Any CPU
		{4AB0B752-75A3-4C07-B49B-05322DDF2B54}.AppStore|Any CPU.ActiveCfg = Release|Any CPU
		{4AB0B752-75A3-4C07-B49B-05322DDF2B54}.AppStore|Any CPU.Build.0 = Release|Any CPU
		{4AB0B752-75A3-4C07-B49B-05322DDF2B54}.AppStore|ARM.ActiveCfg = Release|Any CPU
		{4AB0B752-75A3-4C07-B49B-05322DDF2B54}.AppStore|ARM.Build.0 = Release|Any CPU
		{4AB0B752-75A3-4C07-B49B-05322DDF2B54}.AppStore|iPhone.ActiveCfg = Release|Any CPU
		{4AB0B752-75A3-4C07-B49B-05322DDF2B54}.AppStore|iPhone.Build.0 = Release|Any CPU
		{4AB0B752-75A3-4C07-B49B-05322DDF2B54}.AppStore|iPhoneSimulator.ActiveCfg = Release|Any CPU
		{4AB0B752-75A3-4C07-B49B-05322DDF2B54}.AppStore|iPhoneSimulator.Build.0 = Release|Any CPU
		{4AB0B752-75A3-4C07-B49B-05322DDF2B54}.AppStore|x64.ActiveCfg = Release|Any CPU
		{4AB0B752-75A3-4C07-B49B-05322DDF2B54}.AppStore|x64.Build.0 = Release|Any CPU
		{4AB0B752-75A3-4C07-B49B-05322DDF2B54}.AppStore|x86.ActiveCfg = Release|Any CPU
		{4AB0B752-75A3-4C07-B49B-05322DDF2B54}.AppStore|x86.Build.0 = Release|Any CPU
		{4AB0B752-75A3-4C07-B49B-05322DDF2B54}.Debug|Any CPU.ActiveCfg = Debug|Any CPU
		{4AB0B752-75A3-4C07-B49B-05322DDF2B54}.Debug|Any CPU.Build.0 = Debug|Any CPU
		{4AB0B752-75A3-4C07-B49B-05322DDF2B54}.Debug|ARM.ActiveCfg = Debug|Any CPU
		{4AB0B752-75A3-4C07-B49B-05322DDF2B54}.Debug|ARM.Build.0 = Debug|Any CPU
		{4AB0B752-75A3-4C07-B49B-05322DDF2B54}.Debug|iPhone.ActiveCfg = Debug|Any CPU
		{4AB0B752-75A3-4C07-B49B-05322DDF2B54}.Debug|iPhone.Build.0 = Debug|Any CPU
		{4AB0B752-75A3-4C07-B49B-05322DDF2B54}.Debug|iPhoneSimulator.ActiveCfg = Debug|Any CPU
		{4AB0B752-75A3-4C07-B49B-05322DDF2B54}.Debug|iPhoneSimulator.Build.0 = Debug|Any CPU
		{4AB0B752-75A3-4C07-B49B-05322DDF2B54}.Debug|x64.ActiveCfg = Debug|Any CPU
		{4AB0B752-75A3-4C07-B49B-05322DDF2B54}.Debug|x64.Build.0 = Debug|Any CPU
		{4AB0B752-75A3-4C07-B49B-05322DDF2B54}.Debug|x86.ActiveCfg = Debug|Any CPU
		{4AB0B752-75A3-4C07-B49B-05322DDF2B54}.Debug|x86.Build.0 = Debug|Any CPU
		{4AB0B752-75A3-4C07-B49B-05322DDF2B54}.Release|Any CPU.ActiveCfg = Release|Any CPU
		{4AB0B752-75A3-4C07-B49B-05322DDF2B54}.Release|Any CPU.Build.0 = Release|Any CPU
		{4AB0B752-75A3-4C07-B49B-05322DDF2B54}.Release|ARM.ActiveCfg = Release|Any CPU
		{4AB0B752-75A3-4C07-B49B-05322DDF2B54}.Release|ARM.Build.0 = Release|Any CPU
		{4AB0B752-75A3-4C07-B49B-05322DDF2B54}.Release|iPhone.ActiveCfg = Release|Any CPU
		{4AB0B752-75A3-4C07-B49B-05322DDF2B54}.Release|iPhone.Build.0 = Release|Any CPU
		{4AB0B752-75A3-4C07-B49B-05322DDF2B54}.Release|iPhoneSimulator.ActiveCfg = Release|Any CPU
		{4AB0B752-75A3-4C07-B49B-05322DDF2B54}.Release|iPhoneSimulator.Build.0 = Release|Any CPU
		{4AB0B752-75A3-4C07-B49B-05322DDF2B54}.Release|x64.ActiveCfg = Release|Any CPU
		{4AB0B752-75A3-4C07-B49B-05322DDF2B54}.Release|x64.Build.0 = Release|Any CPU
		{4AB0B752-75A3-4C07-B49B-05322DDF2B54}.Release|x86.ActiveCfg = Release|Any CPU
		{4AB0B752-75A3-4C07-B49B-05322DDF2B54}.Release|x86.Build.0 = Release|Any CPU
		{F175F6C5-0B8C-4C18-AA22-7FCC5AE0CF2B}.Ad-Hoc|Any CPU.ActiveCfg = Release|Any CPU
		{F175F6C5-0B8C-4C18-AA22-7FCC5AE0CF2B}.Ad-Hoc|Any CPU.Build.0 = Release|Any CPU
		{F175F6C5-0B8C-4C18-AA22-7FCC5AE0CF2B}.Ad-Hoc|ARM.ActiveCfg = Release|Any CPU
		{F175F6C5-0B8C-4C18-AA22-7FCC5AE0CF2B}.Ad-Hoc|ARM.Build.0 = Release|Any CPU
		{F175F6C5-0B8C-4C18-AA22-7FCC5AE0CF2B}.Ad-Hoc|iPhone.ActiveCfg = Release|Any CPU
		{F175F6C5-0B8C-4C18-AA22-7FCC5AE0CF2B}.Ad-Hoc|iPhone.Build.0 = Release|Any CPU
		{F175F6C5-0B8C-4C18-AA22-7FCC5AE0CF2B}.Ad-Hoc|iPhoneSimulator.ActiveCfg = Release|Any CPU
		{F175F6C5-0B8C-4C18-AA22-7FCC5AE0CF2B}.Ad-Hoc|iPhoneSimulator.Build.0 = Release|Any CPU
		{F175F6C5-0B8C-4C18-AA22-7FCC5AE0CF2B}.Ad-Hoc|x64.ActiveCfg = Release|Any CPU
		{F175F6C5-0B8C-4C18-AA22-7FCC5AE0CF2B}.Ad-Hoc|x64.Build.0 = Release|Any CPU
		{F175F6C5-0B8C-4C18-AA22-7FCC5AE0CF2B}.Ad-Hoc|x86.ActiveCfg = Release|Any CPU
		{F175F6C5-0B8C-4C18-AA22-7FCC5AE0CF2B}.Ad-Hoc|x86.Build.0 = Release|Any CPU
		{F175F6C5-0B8C-4C18-AA22-7FCC5AE0CF2B}.AppStore|Any CPU.ActiveCfg = Release|Any CPU
		{F175F6C5-0B8C-4C18-AA22-7FCC5AE0CF2B}.AppStore|Any CPU.Build.0 = Release|Any CPU
		{F175F6C5-0B8C-4C18-AA22-7FCC5AE0CF2B}.AppStore|ARM.ActiveCfg = Release|Any CPU
		{F175F6C5-0B8C-4C18-AA22-7FCC5AE0CF2B}.AppStore|ARM.Build.0 = Release|Any CPU
		{F175F6C5-0B8C-4C18-AA22-7FCC5AE0CF2B}.AppStore|iPhone.ActiveCfg = Release|Any CPU
		{F175F6C5-0B8C-4C18-AA22-7FCC5AE0CF2B}.AppStore|iPhone.Build.0 = Release|Any CPU
		{F175F6C5-0B8C-4C18-AA22-7FCC5AE0CF2B}.AppStore|iPhoneSimulator.ActiveCfg = Release|Any CPU
		{F175F6C5-0B8C-4C18-AA22-7FCC5AE0CF2B}.AppStore|iPhoneSimulator.Build.0 = Release|Any CPU
		{F175F6C5-0B8C-4C18-AA22-7FCC5AE0CF2B}.AppStore|x64.ActiveCfg = Release|Any CPU
		{F175F6C5-0B8C-4C18-AA22-7FCC5AE0CF2B}.AppStore|x64.Build.0 = Release|Any CPU
		{F175F6C5-0B8C-4C18-AA22-7FCC5AE0CF2B}.AppStore|x86.ActiveCfg = Release|Any CPU
		{F175F6C5-0B8C-4C18-AA22-7FCC5AE0CF2B}.AppStore|x86.Build.0 = Release|Any CPU
		{F175F6C5-0B8C-4C18-AA22-7FCC5AE0CF2B}.Debug|Any CPU.ActiveCfg = Debug|Any CPU
		{F175F6C5-0B8C-4C18-AA22-7FCC5AE0CF2B}.Debug|Any CPU.Build.0 = Debug|Any CPU
		{F175F6C5-0B8C-4C18-AA22-7FCC5AE0CF2B}.Debug|ARM.ActiveCfg = Debug|Any CPU
		{F175F6C5-0B8C-4C18-AA22-7FCC5AE0CF2B}.Debug|ARM.Build.0 = Debug|Any CPU
		{F175F6C5-0B8C-4C18-AA22-7FCC5AE0CF2B}.Debug|iPhone.ActiveCfg = Debug|Any CPU
		{F175F6C5-0B8C-4C18-AA22-7FCC5AE0CF2B}.Debug|iPhone.Build.0 = Debug|Any CPU
		{F175F6C5-0B8C-4C18-AA22-7FCC5AE0CF2B}.Debug|iPhoneSimulator.ActiveCfg = Debug|Any CPU
		{F175F6C5-0B8C-4C18-AA22-7FCC5AE0CF2B}.Debug|iPhoneSimulator.Build.0 = Debug|Any CPU
		{F175F6C5-0B8C-4C18-AA22-7FCC5AE0CF2B}.Debug|x64.ActiveCfg = Debug|Any CPU
		{F175F6C5-0B8C-4C18-AA22-7FCC5AE0CF2B}.Debug|x64.Build.0 = Debug|Any CPU
		{F175F6C5-0B8C-4C18-AA22-7FCC5AE0CF2B}.Debug|x86.ActiveCfg = Debug|Any CPU
		{F175F6C5-0B8C-4C18-AA22-7FCC5AE0CF2B}.Debug|x86.Build.0 = Debug|Any CPU
		{F175F6C5-0B8C-4C18-AA22-7FCC5AE0CF2B}.Release|Any CPU.ActiveCfg = Release|Any CPU
		{F175F6C5-0B8C-4C18-AA22-7FCC5AE0CF2B}.Release|Any CPU.Build.0 = Release|Any CPU
		{F175F6C5-0B8C-4C18-AA22-7FCC5AE0CF2B}.Release|ARM.ActiveCfg = Release|Any CPU
		{F175F6C5-0B8C-4C18-AA22-7FCC5AE0CF2B}.Release|ARM.Build.0 = Release|Any CPU
		{F175F6C5-0B8C-4C18-AA22-7FCC5AE0CF2B}.Release|iPhone.ActiveCfg = Release|Any CPU
		{F175F6C5-0B8C-4C18-AA22-7FCC5AE0CF2B}.Release|iPhone.Build.0 = Release|Any CPU
		{F175F6C5-0B8C-4C18-AA22-7FCC5AE0CF2B}.Release|iPhoneSimulator.ActiveCfg = Release|Any CPU
		{F175F6C5-0B8C-4C18-AA22-7FCC5AE0CF2B}.Release|iPhoneSimulator.Build.0 = Release|Any CPU
		{F175F6C5-0B8C-4C18-AA22-7FCC5AE0CF2B}.Release|x64.ActiveCfg = Release|Any CPU
		{F175F6C5-0B8C-4C18-AA22-7FCC5AE0CF2B}.Release|x64.Build.0 = Release|Any CPU
		{F175F6C5-0B8C-4C18-AA22-7FCC5AE0CF2B}.Release|x86.ActiveCfg = Release|Any CPU
		{F175F6C5-0B8C-4C18-AA22-7FCC5AE0CF2B}.Release|x86.Build.0 = Release|Any CPU
		{EB36C04A-55F1-4238-9ED0-6C1569B99C45}.Ad-Hoc|Any CPU.ActiveCfg = Release|Any CPU
		{EB36C04A-55F1-4238-9ED0-6C1569B99C45}.Ad-Hoc|Any CPU.Build.0 = Release|Any CPU
		{EB36C04A-55F1-4238-9ED0-6C1569B99C45}.Ad-Hoc|Any CPU.Deploy.0 = Release|Any CPU
		{EB36C04A-55F1-4238-9ED0-6C1569B99C45}.Ad-Hoc|ARM.ActiveCfg = Release|Any CPU
		{EB36C04A-55F1-4238-9ED0-6C1569B99C45}.Ad-Hoc|ARM.Build.0 = Release|Any CPU
		{EB36C04A-55F1-4238-9ED0-6C1569B99C45}.Ad-Hoc|ARM.Deploy.0 = Release|Any CPU
		{EB36C04A-55F1-4238-9ED0-6C1569B99C45}.Ad-Hoc|iPhone.ActiveCfg = Release|Any CPU
		{EB36C04A-55F1-4238-9ED0-6C1569B99C45}.Ad-Hoc|iPhone.Build.0 = Release|Any CPU
		{EB36C04A-55F1-4238-9ED0-6C1569B99C45}.Ad-Hoc|iPhone.Deploy.0 = Release|Any CPU
		{EB36C04A-55F1-4238-9ED0-6C1569B99C45}.Ad-Hoc|iPhoneSimulator.ActiveCfg = Release|Any CPU
		{EB36C04A-55F1-4238-9ED0-6C1569B99C45}.Ad-Hoc|iPhoneSimulator.Build.0 = Release|Any CPU
		{EB36C04A-55F1-4238-9ED0-6C1569B99C45}.Ad-Hoc|iPhoneSimulator.Deploy.0 = Release|Any CPU
		{EB36C04A-55F1-4238-9ED0-6C1569B99C45}.Ad-Hoc|x64.ActiveCfg = Release|Any CPU
		{EB36C04A-55F1-4238-9ED0-6C1569B99C45}.Ad-Hoc|x64.Build.0 = Release|Any CPU
		{EB36C04A-55F1-4238-9ED0-6C1569B99C45}.Ad-Hoc|x64.Deploy.0 = Release|Any CPU
		{EB36C04A-55F1-4238-9ED0-6C1569B99C45}.Ad-Hoc|x86.ActiveCfg = Release|Any CPU
		{EB36C04A-55F1-4238-9ED0-6C1569B99C45}.Ad-Hoc|x86.Build.0 = Release|Any CPU
		{EB36C04A-55F1-4238-9ED0-6C1569B99C45}.Ad-Hoc|x86.Deploy.0 = Release|Any CPU
		{EB36C04A-55F1-4238-9ED0-6C1569B99C45}.AppStore|Any CPU.ActiveCfg = Release|Any CPU
		{EB36C04A-55F1-4238-9ED0-6C1569B99C45}.AppStore|Any CPU.Build.0 = Release|Any CPU
		{EB36C04A-55F1-4238-9ED0-6C1569B99C45}.AppStore|Any CPU.Deploy.0 = Release|Any CPU
		{EB36C04A-55F1-4238-9ED0-6C1569B99C45}.AppStore|ARM.ActiveCfg = Release|Any CPU
		{EB36C04A-55F1-4238-9ED0-6C1569B99C45}.AppStore|ARM.Build.0 = Release|Any CPU
		{EB36C04A-55F1-4238-9ED0-6C1569B99C45}.AppStore|ARM.Deploy.0 = Release|Any CPU
		{EB36C04A-55F1-4238-9ED0-6C1569B99C45}.AppStore|iPhone.ActiveCfg = Release|Any CPU
		{EB36C04A-55F1-4238-9ED0-6C1569B99C45}.AppStore|iPhone.Build.0 = Release|Any CPU
		{EB36C04A-55F1-4238-9ED0-6C1569B99C45}.AppStore|iPhone.Deploy.0 = Release|Any CPU
		{EB36C04A-55F1-4238-9ED0-6C1569B99C45}.AppStore|iPhoneSimulator.ActiveCfg = Release|Any CPU
		{EB36C04A-55F1-4238-9ED0-6C1569B99C45}.AppStore|iPhoneSimulator.Build.0 = Release|Any CPU
		{EB36C04A-55F1-4238-9ED0-6C1569B99C45}.AppStore|iPhoneSimulator.Deploy.0 = Release|Any CPU
		{EB36C04A-55F1-4238-9ED0-6C1569B99C45}.AppStore|x64.ActiveCfg = Release|Any CPU
		{EB36C04A-55F1-4238-9ED0-6C1569B99C45}.AppStore|x64.Build.0 = Release|Any CPU
		{EB36C04A-55F1-4238-9ED0-6C1569B99C45}.AppStore|x64.Deploy.0 = Release|Any CPU
		{EB36C04A-55F1-4238-9ED0-6C1569B99C45}.AppStore|x86.ActiveCfg = Release|Any CPU
		{EB36C04A-55F1-4238-9ED0-6C1569B99C45}.AppStore|x86.Build.0 = Release|Any CPU
		{EB36C04A-55F1-4238-9ED0-6C1569B99C45}.AppStore|x86.Deploy.0 = Release|Any CPU
		{EB36C04A-55F1-4238-9ED0-6C1569B99C45}.Debug|Any CPU.ActiveCfg = Debug|Any CPU
		{EB36C04A-55F1-4238-9ED0-6C1569B99C45}.Debug|Any CPU.Build.0 = Debug|Any CPU
		{EB36C04A-55F1-4238-9ED0-6C1569B99C45}.Debug|Any CPU.Deploy.0 = Debug|Any CPU
		{EB36C04A-55F1-4238-9ED0-6C1569B99C45}.Debug|ARM.ActiveCfg = Debug|Any CPU
		{EB36C04A-55F1-4238-9ED0-6C1569B99C45}.Debug|ARM.Build.0 = Debug|Any CPU
		{EB36C04A-55F1-4238-9ED0-6C1569B99C45}.Debug|ARM.Deploy.0 = Debug|Any CPU
		{EB36C04A-55F1-4238-9ED0-6C1569B99C45}.Debug|iPhone.ActiveCfg = Debug|Any CPU
		{EB36C04A-55F1-4238-9ED0-6C1569B99C45}.Debug|iPhone.Build.0 = Debug|Any CPU
		{EB36C04A-55F1-4238-9ED0-6C1569B99C45}.Debug|iPhone.Deploy.0 = Debug|Any CPU
		{EB36C04A-55F1-4238-9ED0-6C1569B99C45}.Debug|iPhoneSimulator.ActiveCfg = Debug|Any CPU
		{EB36C04A-55F1-4238-9ED0-6C1569B99C45}.Debug|iPhoneSimulator.Build.0 = Debug|Any CPU
		{EB36C04A-55F1-4238-9ED0-6C1569B99C45}.Debug|iPhoneSimulator.Deploy.0 = Debug|Any CPU
		{EB36C04A-55F1-4238-9ED0-6C1569B99C45}.Debug|x64.ActiveCfg = Debug|Any CPU
		{EB36C04A-55F1-4238-9ED0-6C1569B99C45}.Debug|x64.Build.0 = Debug|Any CPU
		{EB36C04A-55F1-4238-9ED0-6C1569B99C45}.Debug|x64.Deploy.0 = Debug|Any CPU
		{EB36C04A-55F1-4238-9ED0-6C1569B99C45}.Debug|x86.ActiveCfg = Debug|Any CPU
		{EB36C04A-55F1-4238-9ED0-6C1569B99C45}.Debug|x86.Build.0 = Debug|Any CPU
		{EB36C04A-55F1-4238-9ED0-6C1569B99C45}.Debug|x86.Deploy.0 = Debug|Any CPU
		{EB36C04A-55F1-4238-9ED0-6C1569B99C45}.Release|Any CPU.ActiveCfg = Release|Any CPU
		{EB36C04A-55F1-4238-9ED0-6C1569B99C45}.Release|Any CPU.Build.0 = Release|Any CPU
		{EB36C04A-55F1-4238-9ED0-6C1569B99C45}.Release|Any CPU.Deploy.0 = Release|Any CPU
		{EB36C04A-55F1-4238-9ED0-6C1569B99C45}.Release|ARM.ActiveCfg = Release|Any CPU
		{EB36C04A-55F1-4238-9ED0-6C1569B99C45}.Release|ARM.Build.0 = Release|Any CPU
		{EB36C04A-55F1-4238-9ED0-6C1569B99C45}.Release|ARM.Deploy.0 = Release|Any CPU
		{EB36C04A-55F1-4238-9ED0-6C1569B99C45}.Release|iPhone.ActiveCfg = Release|Any CPU
		{EB36C04A-55F1-4238-9ED0-6C1569B99C45}.Release|iPhone.Build.0 = Release|Any CPU
		{EB36C04A-55F1-4238-9ED0-6C1569B99C45}.Release|iPhone.Deploy.0 = Release|Any CPU
		{EB36C04A-55F1-4238-9ED0-6C1569B99C45}.Release|iPhoneSimulator.ActiveCfg = Release|Any CPU
		{EB36C04A-55F1-4238-9ED0-6C1569B99C45}.Release|iPhoneSimulator.Build.0 = Release|Any CPU
		{EB36C04A-55F1-4238-9ED0-6C1569B99C45}.Release|iPhoneSimulator.Deploy.0 = Release|Any CPU
		{EB36C04A-55F1-4238-9ED0-6C1569B99C45}.Release|x64.ActiveCfg = Release|Any CPU
		{EB36C04A-55F1-4238-9ED0-6C1569B99C45}.Release|x64.Build.0 = Release|Any CPU
		{EB36C04A-55F1-4238-9ED0-6C1569B99C45}.Release|x64.Deploy.0 = Release|Any CPU
		{EB36C04A-55F1-4238-9ED0-6C1569B99C45}.Release|x86.ActiveCfg = Release|Any CPU
		{EB36C04A-55F1-4238-9ED0-6C1569B99C45}.Release|x86.Build.0 = Release|Any CPU
		{EB36C04A-55F1-4238-9ED0-6C1569B99C45}.Release|x86.Deploy.0 = Release|Any CPU
		{5E175A6C-1C25-459B-B013-EB28061D8104}.Ad-Hoc|Any CPU.ActiveCfg = Ad-Hoc|iPhone
		{5E175A6C-1C25-459B-B013-EB28061D8104}.Ad-Hoc|ARM.ActiveCfg = Ad-Hoc|iPhone
		{5E175A6C-1C25-459B-B013-EB28061D8104}.Ad-Hoc|iPhone.ActiveCfg = Ad-Hoc|iPhone
		{5E175A6C-1C25-459B-B013-EB28061D8104}.Ad-Hoc|iPhone.Build.0 = Ad-Hoc|iPhone
		{5E175A6C-1C25-459B-B013-EB28061D8104}.Ad-Hoc|iPhoneSimulator.ActiveCfg = Ad-Hoc|iPhoneSimulator
		{5E175A6C-1C25-459B-B013-EB28061D8104}.Ad-Hoc|iPhoneSimulator.Build.0 = Ad-Hoc|iPhoneSimulator
		{5E175A6C-1C25-459B-B013-EB28061D8104}.Ad-Hoc|x64.ActiveCfg = Ad-Hoc|iPhone
		{5E175A6C-1C25-459B-B013-EB28061D8104}.Ad-Hoc|x86.ActiveCfg = Ad-Hoc|iPhone
		{5E175A6C-1C25-459B-B013-EB28061D8104}.AppStore|Any CPU.ActiveCfg = AppStore|iPhone
		{5E175A6C-1C25-459B-B013-EB28061D8104}.AppStore|ARM.ActiveCfg = AppStore|iPhone
		{5E175A6C-1C25-459B-B013-EB28061D8104}.AppStore|iPhone.ActiveCfg = AppStore|iPhone
		{5E175A6C-1C25-459B-B013-EB28061D8104}.AppStore|iPhone.Build.0 = AppStore|iPhone
		{5E175A6C-1C25-459B-B013-EB28061D8104}.AppStore|iPhoneSimulator.ActiveCfg = AppStore|iPhoneSimulator
		{5E175A6C-1C25-459B-B013-EB28061D8104}.AppStore|iPhoneSimulator.Build.0 = AppStore|iPhoneSimulator
		{5E175A6C-1C25-459B-B013-EB28061D8104}.AppStore|x64.ActiveCfg = AppStore|iPhone
		{5E175A6C-1C25-459B-B013-EB28061D8104}.AppStore|x86.ActiveCfg = AppStore|iPhone
		{5E175A6C-1C25-459B-B013-EB28061D8104}.Debug|Any CPU.ActiveCfg = Debug|iPhone
		{5E175A6C-1C25-459B-B013-EB28061D8104}.Debug|ARM.ActiveCfg = Debug|iPhone
		{5E175A6C-1C25-459B-B013-EB28061D8104}.Debug|iPhone.ActiveCfg = Debug|iPhone
		{5E175A6C-1C25-459B-B013-EB28061D8104}.Debug|iPhone.Build.0 = Debug|iPhone
		{5E175A6C-1C25-459B-B013-EB28061D8104}.Debug|iPhoneSimulator.ActiveCfg = Debug|iPhoneSimulator
		{5E175A6C-1C25-459B-B013-EB28061D8104}.Debug|iPhoneSimulator.Build.0 = Debug|iPhoneSimulator
		{5E175A6C-1C25-459B-B013-EB28061D8104}.Debug|x64.ActiveCfg = Debug|iPhone
		{5E175A6C-1C25-459B-B013-EB28061D8104}.Debug|x86.ActiveCfg = Debug|iPhone
		{5E175A6C-1C25-459B-B013-EB28061D8104}.Release|Any CPU.ActiveCfg = Release|iPhone
		{5E175A6C-1C25-459B-B013-EB28061D8104}.Release|ARM.ActiveCfg = Release|iPhone
		{5E175A6C-1C25-459B-B013-EB28061D8104}.Release|iPhone.ActiveCfg = Release|iPhone
		{5E175A6C-1C25-459B-B013-EB28061D8104}.Release|iPhone.Build.0 = Release|iPhone
		{5E175A6C-1C25-459B-B013-EB28061D8104}.Release|iPhoneSimulator.ActiveCfg = Release|iPhoneSimulator
		{5E175A6C-1C25-459B-B013-EB28061D8104}.Release|iPhoneSimulator.Build.0 = Release|iPhoneSimulator
		{5E175A6C-1C25-459B-B013-EB28061D8104}.Release|x64.ActiveCfg = Release|iPhone
		{5E175A6C-1C25-459B-B013-EB28061D8104}.Release|x86.ActiveCfg = Release|iPhone
		{E1B0A460-B938-4209-97A5-86C6D5B877A8}.Ad-Hoc|Any CPU.ActiveCfg = Release|x86
		{E1B0A460-B938-4209-97A5-86C6D5B877A8}.Ad-Hoc|Any CPU.Build.0 = Release|x86
		{E1B0A460-B938-4209-97A5-86C6D5B877A8}.Ad-Hoc|Any CPU.Deploy.0 = Release|x86
		{E1B0A460-B938-4209-97A5-86C6D5B877A8}.Ad-Hoc|ARM.ActiveCfg = Release|ARM
		{E1B0A460-B938-4209-97A5-86C6D5B877A8}.Ad-Hoc|ARM.Build.0 = Release|ARM
		{E1B0A460-B938-4209-97A5-86C6D5B877A8}.Ad-Hoc|ARM.Deploy.0 = Release|ARM
		{E1B0A460-B938-4209-97A5-86C6D5B877A8}.Ad-Hoc|iPhone.ActiveCfg = Release|x86
		{E1B0A460-B938-4209-97A5-86C6D5B877A8}.Ad-Hoc|iPhone.Build.0 = Release|x86
		{E1B0A460-B938-4209-97A5-86C6D5B877A8}.Ad-Hoc|iPhone.Deploy.0 = Release|x86
		{E1B0A460-B938-4209-97A5-86C6D5B877A8}.Ad-Hoc|iPhoneSimulator.ActiveCfg = Release|x86
		{E1B0A460-B938-4209-97A5-86C6D5B877A8}.Ad-Hoc|iPhoneSimulator.Build.0 = Release|x86
		{E1B0A460-B938-4209-97A5-86C6D5B877A8}.Ad-Hoc|iPhoneSimulator.Deploy.0 = Release|x86
		{E1B0A460-B938-4209-97A5-86C6D5B877A8}.Ad-Hoc|x64.ActiveCfg = Release|x64
		{E1B0A460-B938-4209-97A5-86C6D5B877A8}.Ad-Hoc|x64.Build.0 = Release|x64
		{E1B0A460-B938-4209-97A5-86C6D5B877A8}.Ad-Hoc|x64.Deploy.0 = Release|x64
		{E1B0A460-B938-4209-97A5-86C6D5B877A8}.Ad-Hoc|x86.ActiveCfg = Release|x86
		{E1B0A460-B938-4209-97A5-86C6D5B877A8}.Ad-Hoc|x86.Build.0 = Release|x86
		{E1B0A460-B938-4209-97A5-86C6D5B877A8}.Ad-Hoc|x86.Deploy.0 = Release|x86
		{E1B0A460-B938-4209-97A5-86C6D5B877A8}.AppStore|Any CPU.ActiveCfg = Release|x86
		{E1B0A460-B938-4209-97A5-86C6D5B877A8}.AppStore|Any CPU.Build.0 = Release|x86
		{E1B0A460-B938-4209-97A5-86C6D5B877A8}.AppStore|Any CPU.Deploy.0 = Release|x86
		{E1B0A460-B938-4209-97A5-86C6D5B877A8}.AppStore|ARM.ActiveCfg = Release|ARM
		{E1B0A460-B938-4209-97A5-86C6D5B877A8}.AppStore|ARM.Build.0 = Release|ARM
		{E1B0A460-B938-4209-97A5-86C6D5B877A8}.AppStore|ARM.Deploy.0 = Release|ARM
		{E1B0A460-B938-4209-97A5-86C6D5B877A8}.AppStore|iPhone.ActiveCfg = Release|x86
		{E1B0A460-B938-4209-97A5-86C6D5B877A8}.AppStore|iPhone.Build.0 = Release|x86
		{E1B0A460-B938-4209-97A5-86C6D5B877A8}.AppStore|iPhone.Deploy.0 = Release|x86
		{E1B0A460-B938-4209-97A5-86C6D5B877A8}.AppStore|iPhoneSimulator.ActiveCfg = Release|x86
		{E1B0A460-B938-4209-97A5-86C6D5B877A8}.AppStore|iPhoneSimulator.Build.0 = Release|x86
		{E1B0A460-B938-4209-97A5-86C6D5B877A8}.AppStore|iPhoneSimulator.Deploy.0 = Release|x86
		{E1B0A460-B938-4209-97A5-86C6D5B877A8}.AppStore|x64.ActiveCfg = Release|x64
		{E1B0A460-B938-4209-97A5-86C6D5B877A8}.AppStore|x64.Build.0 = Release|x64
		{E1B0A460-B938-4209-97A5-86C6D5B877A8}.AppStore|x64.Deploy.0 = Release|x64
		{E1B0A460-B938-4209-97A5-86C6D5B877A8}.AppStore|x86.ActiveCfg = Release|x86
		{E1B0A460-B938-4209-97A5-86C6D5B877A8}.AppStore|x86.Build.0 = Release|x86
		{E1B0A460-B938-4209-97A5-86C6D5B877A8}.AppStore|x86.Deploy.0 = Release|x86
		{E1B0A460-B938-4209-97A5-86C6D5B877A8}.Debug|Any CPU.ActiveCfg = Debug|x86
		{E1B0A460-B938-4209-97A5-86C6D5B877A8}.Debug|ARM.ActiveCfg = Debug|ARM
		{E1B0A460-B938-4209-97A5-86C6D5B877A8}.Debug|ARM.Build.0 = Debug|ARM
		{E1B0A460-B938-4209-97A5-86C6D5B877A8}.Debug|ARM.Deploy.0 = Debug|ARM
		{E1B0A460-B938-4209-97A5-86C6D5B877A8}.Debug|iPhone.ActiveCfg = Debug|x86
		{E1B0A460-B938-4209-97A5-86C6D5B877A8}.Debug|iPhoneSimulator.ActiveCfg = Debug|x86
		{E1B0A460-B938-4209-97A5-86C6D5B877A8}.Debug|x64.ActiveCfg = Debug|x64
		{E1B0A460-B938-4209-97A5-86C6D5B877A8}.Debug|x64.Build.0 = Debug|x64
		{E1B0A460-B938-4209-97A5-86C6D5B877A8}.Debug|x64.Deploy.0 = Debug|x64
		{E1B0A460-B938-4209-97A5-86C6D5B877A8}.Debug|x86.ActiveCfg = Debug|x86
		{E1B0A460-B938-4209-97A5-86C6D5B877A8}.Debug|x86.Build.0 = Debug|x86
		{E1B0A460-B938-4209-97A5-86C6D5B877A8}.Debug|x86.Deploy.0 = Debug|x86
		{E1B0A460-B938-4209-97A5-86C6D5B877A8}.Release|Any CPU.ActiveCfg = Release|x86
		{E1B0A460-B938-4209-97A5-86C6D5B877A8}.Release|ARM.ActiveCfg = Release|ARM
		{E1B0A460-B938-4209-97A5-86C6D5B877A8}.Release|ARM.Build.0 = Release|ARM
		{E1B0A460-B938-4209-97A5-86C6D5B877A8}.Release|ARM.Deploy.0 = Release|ARM
		{E1B0A460-B938-4209-97A5-86C6D5B877A8}.Release|iPhone.ActiveCfg = Release|x86
		{E1B0A460-B938-4209-97A5-86C6D5B877A8}.Release|iPhoneSimulator.ActiveCfg = Release|x86
		{E1B0A460-B938-4209-97A5-86C6D5B877A8}.Release|x64.ActiveCfg = Release|x64
		{E1B0A460-B938-4209-97A5-86C6D5B877A8}.Release|x64.Build.0 = Release|x64
		{E1B0A460-B938-4209-97A5-86C6D5B877A8}.Release|x64.Deploy.0 = Release|x64
		{E1B0A460-B938-4209-97A5-86C6D5B877A8}.Release|x86.ActiveCfg = Release|x86
		{E1B0A460-B938-4209-97A5-86C6D5B877A8}.Release|x86.Build.0 = Release|x86
		{E1B0A460-B938-4209-97A5-86C6D5B877A8}.Release|x86.Deploy.0 = Release|x86
		{90CFBA09-F947-4ADD-B500-948E495D7976}.Ad-Hoc|Any CPU.ActiveCfg = Release|Any CPU
		{90CFBA09-F947-4ADD-B500-948E495D7976}.Ad-Hoc|Any CPU.Build.0 = Release|Any CPU
		{90CFBA09-F947-4ADD-B500-948E495D7976}.Ad-Hoc|ARM.ActiveCfg = Release|Any CPU
		{90CFBA09-F947-4ADD-B500-948E495D7976}.Ad-Hoc|ARM.Build.0 = Release|Any CPU
		{90CFBA09-F947-4ADD-B500-948E495D7976}.Ad-Hoc|iPhone.ActiveCfg = Release|Any CPU
		{90CFBA09-F947-4ADD-B500-948E495D7976}.Ad-Hoc|iPhone.Build.0 = Release|Any CPU
		{90CFBA09-F947-4ADD-B500-948E495D7976}.Ad-Hoc|iPhoneSimulator.ActiveCfg = Release|Any CPU
		{90CFBA09-F947-4ADD-B500-948E495D7976}.Ad-Hoc|iPhoneSimulator.Build.0 = Release|Any CPU
		{90CFBA09-F947-4ADD-B500-948E495D7976}.Ad-Hoc|x64.ActiveCfg = Release|Any CPU
		{90CFBA09-F947-4ADD-B500-948E495D7976}.Ad-Hoc|x64.Build.0 = Release|Any CPU
		{90CFBA09-F947-4ADD-B500-948E495D7976}.Ad-Hoc|x86.ActiveCfg = Release|Any CPU
		{90CFBA09-F947-4ADD-B500-948E495D7976}.Ad-Hoc|x86.Build.0 = Release|Any CPU
		{90CFBA09-F947-4ADD-B500-948E495D7976}.AppStore|Any CPU.ActiveCfg = Release|Any CPU
		{90CFBA09-F947-4ADD-B500-948E495D7976}.AppStore|Any CPU.Build.0 = Release|Any CPU
		{90CFBA09-F947-4ADD-B500-948E495D7976}.AppStore|ARM.ActiveCfg = Release|Any CPU
		{90CFBA09-F947-4ADD-B500-948E495D7976}.AppStore|ARM.Build.0 = Release|Any CPU
		{90CFBA09-F947-4ADD-B500-948E495D7976}.AppStore|iPhone.ActiveCfg = Release|Any CPU
		{90CFBA09-F947-4ADD-B500-948E495D7976}.AppStore|iPhone.Build.0 = Release|Any CPU
		{90CFBA09-F947-4ADD-B500-948E495D7976}.AppStore|iPhoneSimulator.ActiveCfg = Release|Any CPU
		{90CFBA09-F947-4ADD-B500-948E495D7976}.AppStore|iPhoneSimulator.Build.0 = Release|Any CPU
		{90CFBA09-F947-4ADD-B500-948E495D7976}.AppStore|x64.ActiveCfg = Release|Any CPU
		{90CFBA09-F947-4ADD-B500-948E495D7976}.AppStore|x64.Build.0 = Release|Any CPU
		{90CFBA09-F947-4ADD-B500-948E495D7976}.AppStore|x86.ActiveCfg = Release|Any CPU
		{90CFBA09-F947-4ADD-B500-948E495D7976}.AppStore|x86.Build.0 = Release|Any CPU
		{90CFBA09-F947-4ADD-B500-948E495D7976}.Debug|Any CPU.ActiveCfg = Debug|Any CPU
		{90CFBA09-F947-4ADD-B500-948E495D7976}.Debug|Any CPU.Build.0 = Debug|Any CPU
		{90CFBA09-F947-4ADD-B500-948E495D7976}.Debug|ARM.ActiveCfg = Debug|Any CPU
		{90CFBA09-F947-4ADD-B500-948E495D7976}.Debug|ARM.Build.0 = Debug|Any CPU
		{90CFBA09-F947-4ADD-B500-948E495D7976}.Debug|iPhone.ActiveCfg = Debug|Any CPU
		{90CFBA09-F947-4ADD-B500-948E495D7976}.Debug|iPhone.Build.0 = Debug|Any CPU
		{90CFBA09-F947-4ADD-B500-948E495D7976}.Debug|iPhoneSimulator.ActiveCfg = Debug|Any CPU
		{90CFBA09-F947-4ADD-B500-948E495D7976}.Debug|iPhoneSimulator.Build.0 = Debug|Any CPU
		{90CFBA09-F947-4ADD-B500-948E495D7976}.Debug|x64.ActiveCfg = Debug|Any CPU
		{90CFBA09-F947-4ADD-B500-948E495D7976}.Debug|x64.Build.0 = Debug|Any CPU
		{90CFBA09-F947-4ADD-B500-948E495D7976}.Debug|x86.ActiveCfg = Debug|Any CPU
		{90CFBA09-F947-4ADD-B500-948E495D7976}.Debug|x86.Build.0 = Debug|Any CPU
		{90CFBA09-F947-4ADD-B500-948E495D7976}.Release|Any CPU.ActiveCfg = Release|Any CPU
		{90CFBA09-F947-4ADD-B500-948E495D7976}.Release|Any CPU.Build.0 = Release|Any CPU
		{90CFBA09-F947-4ADD-B500-948E495D7976}.Release|ARM.ActiveCfg = Release|Any CPU
		{90CFBA09-F947-4ADD-B500-948E495D7976}.Release|ARM.Build.0 = Release|Any CPU
		{90CFBA09-F947-4ADD-B500-948E495D7976}.Release|iPhone.ActiveCfg = Release|Any CPU
		{90CFBA09-F947-4ADD-B500-948E495D7976}.Release|iPhone.Build.0 = Release|Any CPU
		{90CFBA09-F947-4ADD-B500-948E495D7976}.Release|iPhoneSimulator.ActiveCfg = Release|Any CPU
		{90CFBA09-F947-4ADD-B500-948E495D7976}.Release|iPhoneSimulator.Build.0 = Release|Any CPU
		{90CFBA09-F947-4ADD-B500-948E495D7976}.Release|x64.ActiveCfg = Release|Any CPU
		{90CFBA09-F947-4ADD-B500-948E495D7976}.Release|x64.Build.0 = Release|Any CPU
		{90CFBA09-F947-4ADD-B500-948E495D7976}.Release|x86.ActiveCfg = Release|Any CPU
		{90CFBA09-F947-4ADD-B500-948E495D7976}.Release|x86.Build.0 = Release|Any CPU
	EndGlobalSection
	GlobalSection(SolutionProperties) = preSolution
		HideSolutionNode = FALSE
	EndGlobalSection
EndGlobal
